
Microsoft Visual Studio Solution File, Format Version 12.00
# Visual Studio 14
VisualStudioVersion = 14.0.23107.0
MinimumVisualStudioVersion = 10.0.40219.1
Project("{FAE04EC0-301F-11D3-BF4B-00C04F79EFBC}") = "DesignPatterns", "DesignPatterns\DesignPatterns.csproj", "{E5D8AEAA-B941-4E96-858C-6E57FE7F5D06}"
EndProject
Project("{FAE04EC0-301F-11D3-BF4B-00C04F79EFBC}") = "01-SingletonPattern", "SingletonPattern\01-SingletonPattern.csproj", "{A03E36E7-C753-4E20-A9FA-640E73D14DA0}"
EndProject
Project("{FAE04EC0-301F-11D3-BF4B-00C04F79EFBC}") = "02-SimpleFactoryPattern", "SimpleFactoryPattern\02-SimpleFactoryPattern.csproj", "{1A19FABC-860F-4BDB-B0FA-53EF6D7D8861}"
EndProject
Project("{FAE04EC0-301F-11D3-BF4B-00C04F79EFBC}") = "03-FactoryMethodPattern", "FactoryMethodPattern\03-FactoryMethodPattern.csproj", "{24DC412A-3115-4774-9345-0A7C275D114E}"
EndProject
Project("{FAE04EC0-301F-11D3-BF4B-00C04F79EFBC}") = "04-AbstractFactoryPattern", "04-AbstractFactoryPattern\04-AbstractFactoryPattern.csproj", "{9DB0571A-4776-4246-BF53-29C068C8CE05}"
EndProject
Project("{FAE04EC0-301F-11D3-BF4B-00C04F79EFBC}") = "05-BuilderPattern", "05BuilderPattern\05-BuilderPattern.csproj", "{D867514C-12C7-407B-A2F4-DDFE166F2363}"
EndProject
Project("{FAE04EC0-301F-11D3-BF4B-00C04F79EFBC}") = "06-PrototypePattern", "06-PrototypePattern\06-PrototypePattern.csproj", "{63FEA647-619E-4083-878E-C39E038B3D08}"
EndProject
Project("{FAE04EC0-301F-11D3-BF4B-00C04F79EFBC}") = "07-AdapterPattern", "07-AdapterPattern\07-AdapterPattern.csproj", "{7B2C4638-0FCD-4647-A513-321B5406A801}"
EndProject
Project("{FAE04EC0-301F-11D3-BF4B-00C04F79EFBC}") = "08-BridgePattern", "08-BridgePattern\08-BridgePattern.csproj", "{EED2A193-8B7C-4E99-8E8D-8035DDB6EC58}"
EndProject
Project("{FAE04EC0-301F-11D3-BF4B-00C04F79EFBC}") = "09-DecoratorPattern", "09-DecoratorPattern\09-DecoratorPattern.csproj", "{CB17ECFA-5685-4014-A103-39DA88D0CE87}"
EndProject
Project("{FAE04EC0-301F-11D3-BF4B-00C04F79EFBC}") = "10-CompositePattern", "10-CompositePattern\10-CompositePattern.csproj", "{BA8ACD0F-AE20-4474-A043-2CBF65A4B000}"
EndProject
Project("{FAE04EC0-301F-11D3-BF4B-00C04F79EFBC}") = "11-FacadePattern", "FacadePattern\11-FacadePattern.csproj", "{1ABB108B-AA47-4B46-A4CB-C0866083DCFD}"
EndProject
Project("{FAE04EC0-301F-11D3-BF4B-00C04F79EFBC}") = "12-FlyweightPattern", "FlyweightPattern\12-FlyweightPattern.csproj", "{39479EEF-6E88-4411-8A0E-93BEEA65A88D}"
EndProject
Project("{FAE04EC0-301F-11D3-BF4B-00C04F79EFBC}") = "13-ProxyPattern", "13-ProxyPattern\13-ProxyPattern.csproj", "{3EF52365-023F-40AB-83B8-1346C4A8C132}"
EndProject
Project("{FAE04EC0-301F-11D3-BF4B-00C04F79EFBC}") = "14-TemplateMethodPattern", "14-TemplateMethodPattern\14-TemplateMethodPattern.csproj", "{6913E887-BCAB-45BA-8056-8D8EB95A4E1F}"
EndProject
Project("{FAE04EC0-301F-11D3-BF4B-00C04F79EFBC}") = "15-CommandPattern", "15-CommandPattern\15-CommandPattern.csproj", "{B5ED0277-1702-4671-93AF-1D93C1C213D2}"
EndProject
Project("{FAE04EC0-301F-11D3-BF4B-00C04F79EFBC}") = "16-IteratorPattern", "16-IteratorPattern\16-IteratorPattern.csproj", "{7F63AACB-9DB3-4CAF-89A4-F3D601EF1315}"
EndProject
Global
	GlobalSection(SolutionConfigurationPlatforms) = preSolution
		Debug|Any CPU = Debug|Any CPU
		Release|Any CPU = Release|Any CPU
	EndGlobalSection
	GlobalSection(ProjectConfigurationPlatforms) = postSolution
		{E5D8AEAA-B941-4E96-858C-6E57FE7F5D06}.Debug|Any CPU.ActiveCfg = Debug|Any CPU
		{E5D8AEAA-B941-4E96-858C-6E57FE7F5D06}.Debug|Any CPU.Build.0 = Debug|Any CPU
		{E5D8AEAA-B941-4E96-858C-6E57FE7F5D06}.Release|Any CPU.ActiveCfg = Release|Any CPU
		{E5D8AEAA-B941-4E96-858C-6E57FE7F5D06}.Release|Any CPU.Build.0 = Release|Any CPU
		{A03E36E7-C753-4E20-A9FA-640E73D14DA0}.Debug|Any CPU.ActiveCfg = Debug|Any CPU
		{A03E36E7-C753-4E20-A9FA-640E73D14DA0}.Debug|Any CPU.Build.0 = Debug|Any CPU
		{A03E36E7-C753-4E20-A9FA-640E73D14DA0}.Release|Any CPU.ActiveCfg = Release|Any CPU
		{A03E36E7-C753-4E20-A9FA-640E73D14DA0}.Release|Any CPU.Build.0 = Release|Any CPU
		{1A19FABC-860F-4BDB-B0FA-53EF6D7D8861}.Debug|Any CPU.ActiveCfg = Debug|Any CPU
		{1A19FABC-860F-4BDB-B0FA-53EF6D7D8861}.Debug|Any CPU.Build.0 = Debug|Any CPU
		{1A19FABC-860F-4BDB-B0FA-53EF6D7D8861}.Release|Any CPU.ActiveCfg = Release|Any CPU
		{1A19FABC-860F-4BDB-B0FA-53EF6D7D8861}.Release|Any CPU.Build.0 = Release|Any CPU
		{24DC412A-3115-4774-9345-0A7C275D114E}.Debug|Any CPU.ActiveCfg = Debug|Any CPU
		{24DC412A-3115-4774-9345-0A7C275D114E}.Debug|Any CPU.Build.0 = Debug|Any CPU
		{24DC412A-3115-4774-9345-0A7C275D114E}.Release|Any CPU.ActiveCfg = Release|Any CPU
		{24DC412A-3115-4774-9345-0A7C275D114E}.Release|Any CPU.Build.0 = Release|Any CPU
		{9DB0571A-4776-4246-BF53-29C068C8CE05}.Debug|Any CPU.ActiveCfg = Debug|Any CPU
		{9DB0571A-4776-4246-BF53-29C068C8CE05}.Debug|Any CPU.Build.0 = Debug|Any CPU
		{9DB0571A-4776-4246-BF53-29C068C8CE05}.Release|Any CPU.ActiveCfg = Release|Any CPU
		{9DB0571A-4776-4246-BF53-29C068C8CE05}.Release|Any CPU.Build.0 = Release|Any CPU
		{D867514C-12C7-407B-A2F4-DDFE166F2363}.Debug|Any CPU.ActiveCfg = Debug|Any CPU
		{D867514C-12C7-407B-A2F4-DDFE166F2363}.Debug|Any CPU.Build.0 = Debug|Any CPU
		{D867514C-12C7-407B-A2F4-DDFE166F2363}.Release|Any CPU.ActiveCfg = Release|Any CPU
		{D867514C-12C7-407B-A2F4-DDFE166F2363}.Release|Any CPU.Build.0 = Release|Any CPU
		{63FEA647-619E-4083-878E-C39E038B3D08}.Debug|Any CPU.ActiveCfg = Debug|Any CPU
		{63FEA647-619E-4083-878E-C39E038B3D08}.Debug|Any CPU.Build.0 = Debug|Any CPU
		{63FEA647-619E-4083-878E-C39E038B3D08}.Release|Any CPU.ActiveCfg = Release|Any CPU
		{63FEA647-619E-4083-878E-C39E038B3D08}.Release|Any CPU.Build.0 = Release|Any CPU
		{7B2C4638-0FCD-4647-A513-321B5406A801}.Debug|Any CPU.ActiveCfg = Debug|Any CPU
		{7B2C4638-0FCD-4647-A513-321B5406A801}.Debug|Any CPU.Build.0 = Debug|Any CPU
		{7B2C4638-0FCD-4647-A513-321B5406A801}.Release|Any CPU.ActiveCfg = Release|Any CPU
		{7B2C4638-0FCD-4647-A513-321B5406A801}.Release|Any CPU.Build.0 = Release|Any CPU
		{EED2A193-8B7C-4E99-8E8D-8035DDB6EC58}.Debug|Any CPU.ActiveCfg = Debug|Any CPU
		{EED2A193-8B7C-4E99-8E8D-8035DDB6EC58}.Debug|Any CPU.Build.0 = Debug|Any CPU
		{EED2A193-8B7C-4E99-8E8D-8035DDB6EC58}.Release|Any CPU.ActiveCfg = Release|Any CPU
		{EED2A193-8B7C-4E99-8E8D-8035DDB6EC58}.Release|Any CPU.Build.0 = Release|Any CPU
		{CB17ECFA-5685-4014-A103-39DA88D0CE87}.Debug|Any CPU.ActiveCfg = Debug|Any CPU
		{CB17ECFA-5685-4014-A103-39DA88D0CE87}.Debug|Any CPU.Build.0 = Debug|Any CPU
		{CB17ECFA-5685-4014-A103-39DA88D0CE87}.Release|Any CPU.ActiveCfg = Release|Any CPU
		{CB17ECFA-5685-4014-A103-39DA88D0CE87}.Release|Any CPU.Build.0 = Release|Any CPU
		{BA8ACD0F-AE20-4474-A043-2CBF65A4B000}.Debug|Any CPU.ActiveCfg = Debug|Any CPU
		{BA8ACD0F-AE20-4474-A043-2CBF65A4B000}.Debug|Any CPU.Build.0 = Debug|Any CPU
		{BA8ACD0F-AE20-4474-A043-2CBF65A4B000}.Release|Any CPU.ActiveCfg = Release|Any CPU
		{BA8ACD0F-AE20-4474-A043-2CBF65A4B000}.Release|Any CPU.Build.0 = Release|Any CPU
		{1ABB108B-AA47-4B46-A4CB-C0866083DCFD}.Debug|Any CPU.ActiveCfg = Debug|Any CPU
		{1ABB108B-AA47-4B46-A4CB-C0866083DCFD}.Debug|Any CPU.Build.0 = Debug|Any CPU
		{1ABB108B-AA47-4B46-A4CB-C0866083DCFD}.Release|Any CPU.ActiveCfg = Release|Any CPU
		{1ABB108B-AA47-4B46-A4CB-C0866083DCFD}.Release|Any CPU.Build.0 = Release|Any CPU
		{39479EEF-6E88-4411-8A0E-93BEEA65A88D}.Debug|Any CPU.ActiveCfg = Debug|Any CPU
		{39479EEF-6E88-4411-8A0E-93BEEA65A88D}.Debug|Any CPU.Build.0 = Debug|Any CPU
		{39479EEF-6E88-4411-8A0E-93BEEA65A88D}.Release|Any CPU.ActiveCfg = Release|Any CPU
		{39479EEF-6E88-4411-8A0E-93BEEA65A88D}.Release|Any CPU.Build.0 = Release|Any CPU
		{3EF52365-023F-40AB-83B8-1346C4A8C132}.Debug|Any CPU.ActiveCfg = Debug|Any CPU
		{3EF52365-023F-40AB-83B8-1346C4A8C132}.Debug|Any CPU.Build.0 = Debug|Any CPU
		{3EF52365-023F-40AB-83B8-1346C4A8C132}.Release|Any CPU.ActiveCfg = Release|Any CPU
		{3EF52365-023F-40AB-83B8-1346C4A8C132}.Release|Any CPU.Build.0 = Release|Any CPU
		{6913E887-BCAB-45BA-8056-8D8EB95A4E1F}.Debug|Any CPU.ActiveCfg = Debug|Any CPU
		{6913E887-BCAB-45BA-8056-8D8EB95A4E1F}.Debug|Any CPU.Build.0 = Debug|Any CPU
		{6913E887-BCAB-45BA-8056-8D8EB95A4E1F}.Release|Any CPU.ActiveCfg = Release|Any CPU
		{6913E887-BCAB-45BA-8056-8D8EB95A4E1F}.Release|Any CPU.Build.0 = Release|Any CPU
		{B5ED0277-1702-4671-93AF-1D93C1C213D2}.Debug|Any CPU.ActiveCfg = Debug|Any CPU
		{B5ED0277-1702-4671-93AF-1D93C1C213D2}.Debug|Any CPU.Build.0 = Debug|Any CPU
		{B5ED0277-1702-4671-93AF-1D93C1C213D2}.Release|Any CPU.ActiveCfg = Release|Any CPU
		{B5ED0277-1702-4671-93AF-1D93C1C213D2}.Release|Any CPU.Build.0 = Release|Any CPU
		{7F63AACB-9DB3-4CAF-89A4-F3D601EF1315}.Debug|Any CPU.ActiveCfg = Debug|Any CPU
		{7F63AACB-9DB3-4CAF-89A4-F3D601EF1315}.Debug|Any CPU.Build.0 = Debug|Any CPU
		{7F63AACB-9DB3-4CAF-89A4-F3D601EF1315}.Release|Any CPU.ActiveCfg = Release|Any CPU
		{7F63AACB-9DB3-4CAF-89A4-F3D601EF1315}.Release|Any CPU.Build.0 = Release|Any CPU
	EndGlobalSection
	GlobalSection(SolutionProperties) = preSolution
		HideSolutionNode = FALSE
	EndGlobalSection
EndGlobal
